
Microsoft Visual Studio Solution File, Format Version 12.00
# Visual Studio Version 17
VisualStudioVersion = 17.9.34723.18
MinimumVisualStudioVersion = 10.0.40219.1
Project("{FAE04EC0-301F-11D3-BF4B-00C04F79EFBC}") = "RunManatea", "RunManatea.csproj", "{002366AD-9392-454B-8A08-CF59590344B1}"
EndProject
Project("{FAE04EC0-301F-11D3-BF4B-00C04F79EFBC}") = "Read3mb", "..\ReadAnimat\Read3mb.csproj", "{70E90E16-6303-4D3D-8A42-74A787A5DABB}"
EndProject
Project("{FAE04EC0-301F-11D3-BF4B-00C04F79EFBC}") = "Logging", "..\Logging\Logging.csproj", "{102F4532-9267-4815-8D2D-D33AFD5E547B}"
EndProject
Global
	GlobalSection(SolutionConfigurationPlatforms) = preSolution
		Debug|Any CPU = Debug|Any CPU
		Release|Any CPU = Release|Any CPU
	EndGlobalSection
	GlobalSection(ProjectConfigurationPlatforms) = postSolution
		{002366AD-9392-454B-8A08-CF59590344B1}.Debug|Any CPU.ActiveCfg = Debug|Any CPU
		{002366AD-9392-454B-8A08-CF59590344B1}.Debug|Any CPU.Build.0 = Debug|Any CPU
		{002366AD-9392-454B-8A08-CF59590344B1}.Release|Any CPU.ActiveCfg = Release|Any CPU
		{002366AD-9392-454B-8A08-CF59590344B1}.Release|Any CPU.Build.0 = Release|Any CPU
		{70E90E16-6303-4D3D-8A42-74A787A5DABB}.Debug|Any CPU.ActiveCfg = Debug|Any CPU
		{70E90E16-6303-4D3D-8A42-74A787A5DABB}.Debug|Any CPU.Build.0 = Debug|Any CPU
		{70E90E16-6303-4D3D-8A42-74A787A5DABB}.Release|Any CPU.ActiveCfg = Release|Any CPU
		{70E90E16-6303-4D3D-8A42-74A787A5DABB}.Release|Any CPU.Build.0 = Release|Any CPU
		{102F4532-9267-4815-8D2D-D33AFD5E547B}.Debug|Any CPU.ActiveCfg = Debug|Any CPU
		{102F4532-9267-4815-8D2D-D33AFD5E547B}.Debug|Any CPU.Build.0 = Debug|Any CPU
		{102F4532-9267-4815-8D2D-D33AFD5E547B}.Release|Any CPU.ActiveCfg = Release|Any CPU
		{102F4532-9267-4815-8D2D-D33AFD5E547B}.Release|Any CPU.Build.0 = Release|Any CPU
	EndGlobalSection
	GlobalSection(SolutionProperties) = preSolution
		HideSolutionNode = FALSE
	EndGlobalSection
	GlobalSection(ExtensibilityGlobals) = postSolution
		SolutionGuid = {209BDD7B-86B9-4D33-8D2D-69FCEF21BA89}
	EndGlobalSection
EndGlobal
